
Microsoft Visual Studio Solution File, Format Version 11.00
# Visual Studio Version 17

Project("{8BC9CEB8-8B4A-11D0-8D11-00A0C91BC942}") = "Externalizer - Standalone Plugin", "Externalizer_StandalonePlugin.vcxproj", "{F2050108-33B2-0397-D6E5-92172A2AF558}"
	ProjectSection(ProjectDependencies) = postProject
		{BD484134-84B9-0827-38EC-D603D97117CF} = {BD484134-84B9-0827-38EC-D603D97117CF}
	EndProjectSection
EndProject
Project("{8BC9CEB8-8B4A-11D0-8D11-00A0C91BC942}") = "Externalizer - VST3", "Externalizer_VST3.vcxproj", "{B0FDDB86-F3BF-05E9-3F41-A248AAA5EAA2}"
	ProjectSection(ProjectDependencies) = postProject
		{BD484134-84B9-0827-38EC-D603D97117CF} = {BD484134-84B9-0827-38EC-D603D97117CF}
	EndProjectSection
EndProject
Project("{8BC9CEB8-8B4A-11D0-8D11-00A0C91BC942}") = "Externalizer - Shared Code", "Externalizer_SharedCode.vcxproj", "{BD484134-84B9-0827-38EC-D603D97117CF}"
EndProject
Global
	GlobalSection(SolutionConfigurationPlatforms) = preSolution
		Debug|x64 = Debug|x64
		Release|x64 = Release|x64
	EndGlobalSection
	GlobalSection(ProjectConfigurationPlatforms) = postSolution
		{B0FDDB86-F3BF-05E9-3F41-A248AAA5EAA2}.Debug|x64.ActiveCfg = Debug|x64
		{B0FDDB86-F3BF-05E9-3F41-A248AAA5EAA2}.Debug|x64.Build.0 = Debug|x64
		{B0FDDB86-F3BF-05E9-3F41-A248AAA5EAA2}.Release|x64.ActiveCfg = Release|x64
		{B0FDDB86-F3BF-05E9-3F41-A248AAA5EAA2}.Release|x64.Build.0 = Release|x64
		{F2050108-33B2-0397-D6E5-92172A2AF558}.Debug|x64.ActiveCfg = Debug|x64
		{F2050108-33B2-0397-D6E5-92172A2AF558}.Debug|x64.Build.0 = Debug|x64
		{F2050108-33B2-0397-D6E5-92172A2AF558}.Release|x64.ActiveCfg = Release|x64
		{F2050108-33B2-0397-D6E5-92172A2AF558}.Release|x64.Build.0 = Release|x64
		{BD484134-84B9-0827-38EC-D603D97117CF}.Debug|x64.ActiveCfg = Debug|x64
		{BD484134-84B9-0827-38EC-D603D97117CF}.Debug|x64.Build.0 = Debug|x64
		{BD484134-84B9-0827-38EC-D603D97117CF}.Release|x64.ActiveCfg = Release|x64
		{BD484134-84B9-0827-38EC-D603D97117CF}.Release|x64.Build.0 = Release|x64
	EndGlobalSection
	GlobalSection(SolutionProperties) = preSolution
		HideSolutionNode = FALSE
	EndGlobalSection
EndGlobal
